
Microsoft Visual Studio Solution File, Format Version 12.00
# Visual Studio 2012
Project("{FAE04EC0-301F-11D3-BF4B-00C04F79EFBC}") = "spravoshnik", "spravoshnik\spravoshnik.csproj", "{5AF33F8C-A7EF-4B67-9B00-2F7B03B2D936}"
EndProject
Project("{FAE04EC0-301F-11D3-BF4B-00C04F79EFBC}") = "DAL", "DAL\DAL.csproj", "{EE3A7CB4-050C-4E0F-A8CE-0B01E343F078}"
EndProject
Global
	GlobalSection(SolutionConfigurationPlatforms) = preSolution
		Debug|Any CPU = Debug|Any CPU
		Release|Any CPU = Release|Any CPU
	EndGlobalSection
	GlobalSection(ProjectConfigurationPlatforms) = postSolution
		{5AF33F8C-A7EF-4B67-9B00-2F7B03B2D936}.Debug|Any CPU.ActiveCfg = Debug|Any CPU
		{5AF33F8C-A7EF-4B67-9B00-2F7B03B2D936}.Debug|Any CPU.Build.0 = Debug|Any CPU
		{5AF33F8C-A7EF-4B67-9B00-2F7B03B2D936}.Release|Any CPU.ActiveCfg = Release|Any CPU
		{5AF33F8C-A7EF-4B67-9B00-2F7B03B2D936}.Release|Any CPU.Build.0 = Release|Any CPU
		{EE3A7CB4-050C-4E0F-A8CE-0B01E343F078}.Debug|Any CPU.ActiveCfg = Debug|Any CPU
		{EE3A7CB4-050C-4E0F-A8CE-0B01E343F078}.Debug|Any CPU.Build.0 = Debug|Any CPU
		{EE3A7CB4-050C-4E0F-A8CE-0B01E343F078}.Release|Any CPU.ActiveCfg = Release|Any CPU
		{EE3A7CB4-050C-4E0F-A8CE-0B01E343F078}.Release|Any CPU.Build.0 = Release|Any CPU
	EndGlobalSection
	GlobalSection(SolutionProperties) = preSolution
		HideSolutionNode = FALSE
	EndGlobalSection
EndGlobal
